
Microsoft Visual Studio Solution File, Format Version 12.00
# Visual Studio Version 17
VisualStudioVersion = 17.7.34031.279
MinimumVisualStudioVersion = 10.0.40219.1
Project("{9A19103F-16F7-4668-BE54-9A1E7A4F7556}") = "MVC_Csharp", "MVC_Csharp.csproj", "{FD964641-8F93-4970-B739-AFD9123D3543}"
EndProject
Global
	GlobalSection(SolutionConfigurationPlatforms) = preSolution
		Debug|Any CPU = Debug|Any CPU
		Release|Any CPU = Release|Any CPU
	EndGlobalSection
	GlobalSection(ProjectConfigurationPlatforms) = postSolution
		{FD964641-8F93-4970-B739-AFD9123D3543}.Debug|Any CPU.ActiveCfg = Debug|Any CPU
		{FD964641-8F93-4970-B739-AFD9123D3543}.Debug|Any CPU.Build.0 = Debug|Any CPU
		{FD964641-8F93-4970-B739-AFD9123D3543}.Release|Any CPU.ActiveCfg = Release|Any CPU
		{FD964641-8F93-4970-B739-AFD9123D3543}.Release|Any CPU.Build.0 = Release|Any CPU
	EndGlobalSection
	GlobalSection(SolutionProperties) = preSolution
		HideSolutionNode = FALSE
	EndGlobalSection
	GlobalSection(ExtensibilityGlobals) = postSolution
		SolutionGuid = {E317EBF8-0D39-4A00-A331-FBDC88FBF249}
	EndGlobalSection
EndGlobal
